
Microsoft Visual Studio Solution File, Format Version 12.00
# Visual Studio Version 17
VisualStudioVersion = 17.5.33530.505
MinimumVisualStudioVersion = 10.0.40219.1
Project("{FAE04EC0-301F-11D3-BF4B-00C04F79EFBC}") = "DapperMVCDemo", "DapperMVCDemo\DapperMVCDemo.csproj", "{3CDA2C01-1FF0-424E-AF4A-C722BB41268A}"
EndProject
Global
	GlobalSection(SolutionConfigurationPlatforms) = preSolution
		Debug|Any CPU = Debug|Any CPU
		Release|Any CPU = Release|Any CPU
	EndGlobalSection
	GlobalSection(ProjectConfigurationPlatforms) = postSolution
		{3CDA2C01-1FF0-424E-AF4A-C722BB41268A}.Debug|Any CPU.ActiveCfg = Debug|Any CPU
		{3CDA2C01-1FF0-424E-AF4A-C722BB41268A}.Debug|Any CPU.Build.0 = Debug|Any CPU
		{3CDA2C01-1FF0-424E-AF4A-C722BB41268A}.Release|Any CPU.ActiveCfg = Release|Any CPU
		{3CDA2C01-1FF0-424E-AF4A-C722BB41268A}.Release|Any CPU.Build.0 = Release|Any CPU
	EndGlobalSection
	GlobalSection(SolutionProperties) = preSolution
		HideSolutionNode = FALSE
	EndGlobalSection
	GlobalSection(ExtensibilityGlobals) = postSolution
		SolutionGuid = {449C9DFC-4E81-463D-9020-0E3103D47EE3}
	EndGlobalSection
EndGlobal
