
Microsoft Visual Studio Solution File, Format Version 12.00
# Visual Studio Version 17
VisualStudioVersion = 17.5.33530.505
MinimumVisualStudioVersion = 10.0.40219.1
Project("{FAE04EC0-301F-11D3-BF4B-00C04F79EFBC}") = "OneToOneCodeFirstDemo", "OneToOneCodeFirstDemo\OneToOneCodeFirstDemo.csproj", "{F3BDE3E8-C863-443A-9B87-92EBFC098293}"
EndProject
Global
	GlobalSection(SolutionConfigurationPlatforms) = preSolution
		Debug|Any CPU = Debug|Any CPU
		Release|Any CPU = Release|Any CPU
	EndGlobalSection
	GlobalSection(ProjectConfigurationPlatforms) = postSolution
		{F3BDE3E8-C863-443A-9B87-92EBFC098293}.Debug|Any CPU.ActiveCfg = Debug|Any CPU
		{F3BDE3E8-C863-443A-9B87-92EBFC098293}.Debug|Any CPU.Build.0 = Debug|Any CPU
		{F3BDE3E8-C863-443A-9B87-92EBFC098293}.Release|Any CPU.ActiveCfg = Release|Any CPU
		{F3BDE3E8-C863-443A-9B87-92EBFC098293}.Release|Any CPU.Build.0 = Release|Any CPU
	EndGlobalSection
	GlobalSection(SolutionProperties) = preSolution
		HideSolutionNode = FALSE
	EndGlobalSection
	GlobalSection(ExtensibilityGlobals) = postSolution
		SolutionGuid = {9F42D9FA-B6F5-42F5-93CC-A04D8BF1E369}
	EndGlobalSection
EndGlobal
